
Microsoft Visual Studio Solution File, Format Version 12.00
# Visual Studio Version 17
VisualStudioVersion = 17.8.34511.84
MinimumVisualStudioVersion = 10.0.40219.1
Project("{FAE04EC0-301F-11D3-BF4B-00C04F79EFBC}") = "Lib_API", "Lib_API\Lib_API.csproj", "{9EB0793F-EA1F-4DAE-A6F9-8C889F3DA2BD}"
EndProject
Global
	GlobalSection(SolutionConfigurationPlatforms) = preSolution
		Debug|Any CPU = Debug|Any CPU
		Release|Any CPU = Release|Any CPU
	EndGlobalSection
	GlobalSection(ProjectConfigurationPlatforms) = postSolution
		{9EB0793F-EA1F-4DAE-A6F9-8C889F3DA2BD}.Debug|Any CPU.ActiveCfg = Debug|Any CPU
		{9EB0793F-EA1F-4DAE-A6F9-8C889F3DA2BD}.Debug|Any CPU.Build.0 = Debug|Any CPU
		{9EB0793F-EA1F-4DAE-A6F9-8C889F3DA2BD}.Release|Any CPU.ActiveCfg = Release|Any CPU
		{9EB0793F-EA1F-4DAE-A6F9-8C889F3DA2BD}.Release|Any CPU.Build.0 = Release|Any CPU
	EndGlobalSection
	GlobalSection(SolutionProperties) = preSolution
		HideSolutionNode = FALSE
	EndGlobalSection
	GlobalSection(ExtensibilityGlobals) = postSolution
		SolutionGuid = {C613DCDB-0D4C-44C8-881C-1D39A88C9675}
	EndGlobalSection
EndGlobal
